
Microsoft Visual Studio Solution File, Format Version 12.00
# Visual Studio 2015
Project("{FAE04EC0-301F-11D3-BF4B-00C04F79EFBC}") = "SUPERGAME.CSharp.Plugins", "SUPERGAME.CSharp.Plugins.csproj", "{BFEE9A12-F604-553A-B001-B5F1876C0592}"
EndProject
Project("{FAE04EC0-301F-11D3-BF4B-00C04F79EFBC}") = "SUPERGAME.CSharp", "SUPERGAME.CSharp.csproj", "{AB76C4E0-F7BD-6666-66D5-F019D3516A02}"
EndProject
Project("{FAE04EC0-301F-11D3-BF4B-00C04F79EFBC}") = "SUPERGAME.CSharp.Editor", "SUPERGAME.CSharp.Editor.csproj", "{2F50B6F3-66B9-1C15-0FD0-D60779FEBAE2}"
EndProject
Global
	GlobalSection(SolutionConfigurationPlatforms) = preSolution
		Debug|Any CPU = Debug|Any CPU
		Release|Any CPU = Release|Any CPU
	EndGlobalSection
	GlobalSection(ProjectConfigurationPlatforms) = postSolution
		{BFEE9A12-F604-553A-B001-B5F1876C0592}.Debug|Any CPU.ActiveCfg = Debug|Any CPU
		{BFEE9A12-F604-553A-B001-B5F1876C0592}.Debug|Any CPU.Build.0 = Debug|Any CPU
		{BFEE9A12-F604-553A-B001-B5F1876C0592}.Release|Any CPU.ActiveCfg = Release|Any CPU
		{BFEE9A12-F604-553A-B001-B5F1876C0592}.Release|Any CPU.Build.0 = Release|Any CPU
		{AB76C4E0-F7BD-6666-66D5-F019D3516A02}.Debug|Any CPU.ActiveCfg = Debug|Any CPU
		{AB76C4E0-F7BD-6666-66D5-F019D3516A02}.Debug|Any CPU.Build.0 = Debug|Any CPU
		{AB76C4E0-F7BD-6666-66D5-F019D3516A02}.Release|Any CPU.ActiveCfg = Release|Any CPU
		{AB76C4E0-F7BD-6666-66D5-F019D3516A02}.Release|Any CPU.Build.0 = Release|Any CPU
		{2F50B6F3-66B9-1C15-0FD0-D60779FEBAE2}.Debug|Any CPU.ActiveCfg = Debug|Any CPU
		{2F50B6F3-66B9-1C15-0FD0-D60779FEBAE2}.Debug|Any CPU.Build.0 = Debug|Any CPU
		{2F50B6F3-66B9-1C15-0FD0-D60779FEBAE2}.Release|Any CPU.ActiveCfg = Release|Any CPU
		{2F50B6F3-66B9-1C15-0FD0-D60779FEBAE2}.Release|Any CPU.Build.0 = Release|Any CPU
	EndGlobalSection
	GlobalSection(SolutionProperties) = preSolution
		HideSolutionNode = FALSE
	EndGlobalSection
EndGlobal
